// !$*UTF8*$!
{
	archiveVersion = 1;
	classes = {
	};
	objectVersion = 50;
	objects = {

/* Begin PBXBuildFile section */
		6786C3E37007F0F6406E166E /* Pods_ParstagramUITests.framework in Frameworks */ = {isa = PBXBuildFile; fileRef = 84B41A2CC65E84EE64F1DBD0 /* Pods_ParstagramUITests.framework */; };
		8EE41130D9DE4F1B10AF6648 /* Pods_Parstagram.framework in Frameworks */ = {isa = PBXBuildFile; fileRef = F9F78C4ACAD91F948F594671 /* Pods_Parstagram.framework */; };
		C022B897224297FE00405A2E /* CameraViewController.swift in Sources */ = {isa = PBXBuildFile; fileRef = C022B896224297FE00405A2E /* CameraViewController.swift */; };
		C022B8992242A72D00405A2E /* PostCell.swift in Sources */ = {isa = PBXBuildFile; fileRef = C022B8982242A72D00405A2E /* PostCell.swift */; };
		C0531FB822428A5900E09D07 /* LoginViewController.swift in Sources */ = {isa = PBXBuildFile; fileRef = C0531FB722428A5900E09D07 /* LoginViewController.swift */; };
		C0531FBA22428A7200E09D07 /* FeedViewController.swift in Sources */ = {isa = PBXBuildFile; fileRef = C0531FB922428A7200E09D07 /* FeedViewController.swift */; };
		C076E360FFE1FD76116C07CF /* Pods_ParstagramTests.framework in Frameworks */ = {isa = PBXBuildFile; fileRef = 401012A04E9BFB5F2EEC0085 /* Pods_ParstagramTests.framework */; };
		C0FACBFB2242858D008DF15E /* AppDelegate.swift in Sources */ = {isa = PBXBuildFile; fileRef = C0FACBFA2242858D008DF15E /* AppDelegate.swift */; };
		C0FACC002242858D008DF15E /* Main.storyboard in Resources */ = {isa = PBXBuildFile; fileRef = C0FACBFE2242858D008DF15E /* Main.storyboard */; };
		C0FACC0222428594008DF15E /* Assets.xcassets in Resources */ = {isa = PBXBuildFile; fileRef = C0FACC0122428594008DF15E /* Assets.xcassets */; };
		C0FACC0522428594008DF15E /* LaunchScreen.storyboard in Resources */ = {isa = PBXBuildFile; fileRef = C0FACC0322428594008DF15E /* LaunchScreen.storyboard */; };
		C0FACC1022428595008DF15E /* ParstagramTests.swift in Sources */ = {isa = PBXBuildFile; fileRef = C0FACC0F22428595008DF15E /* ParstagramTests.swift */; };
		C0FACC1B22428595008DF15E /* ParstagramUITests.swift in Sources */ = {isa = PBXBuildFile; fileRef = C0FACC1A22428595008DF15E /* ParstagramUITests.swift */; };
/* End PBXBuildFile section */

/* Begin PBXContainerItemProxy section */
		C0FACC0C22428595008DF15E /* PBXContainerItemProxy */ = {
			isa = PBXContainerItemProxy;
			containerPortal = C0FACBEF2242858D008DF15E /* Project object */;
			proxyType = 1;
			remoteGlobalIDString = C0FACBF62242858D008DF15E;
			remoteInfo = Parstagram;
		};
		C0FACC1722428595008DF15E /* PBXContainerItemProxy */ = {
			isa = PBXContainerItemProxy;
			containerPortal = C0FACBEF2242858D008DF15E /* Project object */;
			proxyType = 1;
			remoteGlobalIDString = C0FACBF62242858D008DF15E;
			remoteInfo = Parstagram;
		};
/* End PBXContainerItemProxy section */

/* Begin PBXFileReference section */
		401012A04E9BFB5F2EEC0085 /* Pods_ParstagramTests.framework */ = {isa = PBXFileReference; explicitFileType = wrapper.framework; includeInIndex = 0; path = Pods_ParstagramTests.framework; sourceTree = BUILT_PRODUCTS_DIR; };
		84B41A2CC65E84EE64F1DBD0 /* Pods_ParstagramUITests.framework */ = {isa = PBXFileReference; explicitFileType = wrapper.framework; includeInIndex = 0; path = Pods_ParstagramUITests.framework; sourceTree = BUILT_PRODUCTS_DIR; };
		85222BD66D0383601C67483B /* Pods-ParstagramTests.debug.xcconfig */ = {isa = PBXFileReference; includeInIndex = 1; lastKnownFileType = text.xcconfig; name = "Pods-ParstagramTests.debug.xcconfig"; path = "Target Support Files/Pods-ParstagramTests/Pods-ParstagramTests.debug.xcconfig"; sourceTree = "<group>"; };
		A306301D13E5BAE3143E7BC2 /* Pods-Parstagram.release.xcconfig */ = {isa = PBXFileReference; includeInIndex = 1; lastKnownFileType = text.xcconfig; name = "Pods-Parstagram.release.xcconfig"; path = "Target Support Files/Pods-Parstagram/Pods-Parstagram.release.xcconfig"; sourceTree = "<group>"; };
		C022B896224297FE00405A2E /* CameraViewController.swift */ = {isa = PBXFileReference; lastKnownFileType = sourcecode.swift; path = CameraViewController.swift; sourceTree = "<group>"; };
		C022B8982242A72D00405A2E /* PostCell.swift */ = {isa = PBXFileReference; lastKnownFileType = sourcecode.swift; path = PostCell.swift; sourceTree = "<group>"; };
		C0531FB722428A5900E09D07 /* LoginViewController.swift */ = {isa = PBXFileReference; lastKnownFileType = sourcecode.swift; path = LoginViewController.swift; sourceTree = "<group>"; };
		C0531FB922428A7200E09D07 /* FeedViewController.swift */ = {isa = PBXFileReference; lastKnownFileType = sourcecode.swift; path = FeedViewController.swift; sourceTree = "<group>"; };
		C0FACBF72242858D008DF15E /* Parstagram.app */ = {isa = PBXFileReference; explicitFileType = wrapper.application; includeInIndex = 0; path = Parstagram.app; sourceTree = BUILT_PRODUCTS_DIR; };
		C0FACBFA2242858D008DF15E /* AppDelegate.swift */ = {isa = PBXFileReference; lastKnownFileType = sourcecode.swift; path = AppDelegate.swift; sourceTree = "<group>"; };
		C0FACBFF2242858D008DF15E /* Base */ = {isa = PBXFileReference; lastKnownFileType = file.storyboard; name = Base; path = Base.lproj/Main.storyboard; sourceTree = "<group>"; };
		C0FACC0122428594008DF15E /* Assets.xcassets */ = {isa = PBXFileReference; lastKnownFileType = folder.assetcatalog; path = Assets.xcassets; sourceTree = "<group>"; };
		C0FACC0422428594008DF15E /* Base */ = {isa = PBXFileReference; lastKnownFileType = file.storyboard; name = Base; path = Base.lproj/LaunchScreen.storyboard; sourceTree = "<group>"; };
		C0FACC0622428594008DF15E /* Info.plist */ = {isa = PBXFileReference; lastKnownFileType = text.plist.xml; path = Info.plist; sourceTree = "<group>"; };
		C0FACC0B22428595008DF15E /* ParstagramTests.xctest */ = {isa = PBXFileReference; explicitFileType = wrapper.cfbundle; includeInIndex = 0; path = ParstagramTests.xctest; sourceTree = BUILT_PRODUCTS_DIR; };
		C0FACC0F22428595008DF15E /* ParstagramTests.swift */ = {isa = PBXFileReference; lastKnownFileType = sourcecode.swift; path = ParstagramTests.swift; sourceTree = "<group>"; };
		C0FACC1122428595008DF15E /* Info.plist */ = {isa = PBXFileReference; lastKnownFileType = text.plist.xml; path = Info.plist; sourceTree = "<group>"; };
		C0FACC1622428595008DF15E /* ParstagramUITests.xctest */ = {isa = PBXFileReference; explicitFileType = wrapper.cfbundle; includeInIndex = 0; path = ParstagramUITests.xctest; sourceTree = BUILT_PRODUCTS_DIR; };
		C0FACC1A22428595008DF15E /* ParstagramUITests.swift */ = {isa = PBXFileReference; lastKnownFileType = sourcecode.swift; path = ParstagramUITests.swift; sourceTree = "<group>"; };
		C0FACC1C22428595008DF15E /* Info.plist */ = {isa = PBXFileReference; lastKnownFileType = text.plist.xml; path = Info.plist; sourceTree = "<group>"; };
		D1C98E56DD3D6A4E1CBDE62C /* Pods-Parstagram.debug.xcconfig */ = {isa = PBXFileReference; includeInIndex = 1; lastKnownFileType = text.xcconfig; name = "Pods-Parstagram.debug.xcconfig"; path = "Target Support Files/Pods-Parstagram/Pods-Parstagram.debug.xcconfig"; sourceTree = "<group>"; };
		D3CA92DBB6C1EDE88C49F470 /* Pods-ParstagramTests.release.xcconfig */ = {isa = PBXFileReference; includeInIndex = 1; lastKnownFileType = text.xcconfig; name = "Pods-ParstagramTests.release.xcconfig"; path = "Target Support Files/Pods-ParstagramTests/Pods-ParstagramTests.release.xcconfig"; sourceTree = "<group>"; };
		E403FBF56EB367D908D36288 /* Pods-ParstagramUITests.debug.xcconfig */ = {isa = PBXFileReference; includeInIndex = 1; lastKnownFileType = text.xcconfig; name = "Pods-ParstagramUITests.debug.xcconfig"; path = "Target Support Files/Pods-ParstagramUITests/Pods-ParstagramUITests.debug.xcconfig"; sourceTree = "<group>"; };
		E5558DF80C3F08C4E08E8CEB /* Pods-ParstagramUITests.release.xcconfig */ = {isa = PBXFileReference; includeInIndex = 1; lastKnownFileType = text.xcconfig; name = "Pods-ParstagramUITests.release.xcconfig"; path = "Target Support Files/Pods-ParstagramUITests/Pods-ParstagramUITests.release.xcconfig"; sourceTree = "<group>"; };
		F9F78C4ACAD91F948F594671 /* Pods_Parstagram.framework */ = {isa = PBXFileReference; explicitFileType = wrapper.framework; includeInIndex = 0; path = Pods_Parstagram.framework; sourceTree = BUILT_PRODUCTS_DIR; };
/* End PBXFileReference section */

/* Begin PBXFrameworksBuildPhase section */
		C0FACBF42242858D008DF15E /* Frameworks */ = {
			isa = PBXFrameworksBuildPhase;
			buildActionMask = 2147483647;
			files = (
				8EE41130D9DE4F1B10AF6648 /* Pods_Parstagram.framework in Frameworks */,
			);
			runOnlyForDeploymentPostprocessing = 0;
		};
		C0FACC0822428595008DF15E /* Frameworks */ = {
			isa = PBXFrameworksBuildPhase;
			buildActionMask = 2147483647;
			files = (
				C076E360FFE1FD76116C07CF /* Pods_ParstagramTests.framework in Frameworks */,
			);
			runOnlyForDeploymentPostprocessing = 0;
		};
		C0FACC1322428595008DF15E /* Frameworks */ = {
			isa = PBXFrameworksBuildPhase;
			buildActionMask = 2147483647;
			files = (
				6786C3E37007F0F6406E166E /* Pods_ParstagramUITests.framework in Frameworks */,
			);
			runOnlyForDeploymentPostprocessing = 0;
		};
/* End PBXFrameworksBuildPhase section */

/* Begin PBXGroup section */
		2C050EE98733ED0E9B5B28A3 /* Pods */ = {
			isa = PBXGroup;
			children = (
				D1C98E56DD3D6A4E1CBDE62C /* Pods-Parstagram.debug.xcconfig */,
				A306301D13E5BAE3143E7BC2 /* Pods-Parstagram.release.xcconfig */,
				85222BD66D0383601C67483B /* Pods-ParstagramTests.debug.xcconfig */,
				D3CA92DBB6C1EDE88C49F470 /* Pods-ParstagramTests.release.xcconfig */,
				E403FBF56EB367D908D36288 /* Pods-ParstagramUITests.debug.xcconfig */,
				E5558DF80C3F08C4E08E8CEB /* Pods-ParstagramUITests.release.xcconfig */,
			);
			path = Pods;
			sourceTree = "<group>";
		};
		B24B2D55776A29317C349BF2 /* Frameworks */ = {
			isa = PBXGroup;
			children = (
				F9F78C4ACAD91F948F594671 /* Pods_Parstagram.framework */,
				401012A04E9BFB5F2EEC0085 /* Pods_ParstagramTests.framework */,
				84B41A2CC65E84EE64F1DBD0 /* Pods_ParstagramUITests.framework */,
			);
			name = Frameworks;
			sourceTree = "<group>";
		};
		C0FACBEE2242858D008DF15E = {
			isa = PBXGroup;
			children = (
				C0FACBF92242858D008DF15E /* Parstagram */,
				C0FACC0E22428595008DF15E /* ParstagramTests */,
				C0FACC1922428595008DF15E /* ParstagramUITests */,
				C0FACBF82242858D008DF15E /* Products */,
				2C050EE98733ED0E9B5B28A3 /* Pods */,
				B24B2D55776A29317C349BF2 /* Frameworks */,
			);
			sourceTree = "<group>";
		};
		C0FACBF82242858D008DF15E /* Products */ = {
			isa = PBXGroup;
			children = (
				C0FACBF72242858D008DF15E /* Parstagram.app */,
				C0FACC0B22428595008DF15E /* ParstagramTests.xctest */,
				C0FACC1622428595008DF15E /* ParstagramUITests.xctest */,
			);
			name = Products;
			sourceTree = "<group>";
		};
		C0FACBF92242858D008DF15E /* Parstagram */ = {
			isa = PBXGroup;
			children = (
				C0FACBFA2242858D008DF15E /* AppDelegate.swift */,
				C0FACBFE2242858D008DF15E /* Main.storyboard */,
				C0FACC0122428594008DF15E /* Assets.xcassets */,
				C0FACC0322428594008DF15E /* LaunchScreen.storyboard */,
				C0FACC0622428594008DF15E /* Info.plist */,
				C0531FB722428A5900E09D07 /* LoginViewController.swift */,
				C0531FB922428A7200E09D07 /* FeedViewController.swift */,
				C022B896224297FE00405A2E /* CameraViewController.swift */,
				C022B8982242A72D00405A2E /* PostCell.swift */,
			);
			path = Parstagram;
			sourceTree = "<group>";
		};
		C0FACC0E22428595008DF15E /* ParstagramTests */ = {
			isa = PBXGroup;
			children = (
				C0FACC0F22428595008DF15E /* ParstagramTests.swift */,
				C0FACC1122428595008DF15E /* Info.plist */,
			);
			path = ParstagramTests;
			sourceTree = "<group>";
		};
		C0FACC1922428595008DF15E /* ParstagramUITests */ = {
			isa = PBXGroup;
			children = (
				C0FACC1A22428595008DF15E /* ParstagramUITests.swift */,
				C0FACC1C22428595008DF15E /* Info.plist */,
			);
			path = ParstagramUITests;
			sourceTree = "<group>";
		};
/* End PBXGroup section */

/* Begin PBXNativeTarget section */
		C0FACBF62242858D008DF15E /* Parstagram */ = {
			isa = PBXNativeTarget;
			buildConfigurationList = C0FACC1F22428595008DF15E /* Build configuration list for PBXNativeTarget "Parstagram" */;
			buildPhases = (
				4E2060A4F586E94D7658B5A3 /* [CP] Check Pods Manifest.lock */,
				C0FACBF32242858D008DF15E /* Sources */,
				C0FACBF42242858D008DF15E /* Frameworks */,
				C0FACBF52242858D008DF15E /* Resources */,
				5004C99FF33BAEB544D1CBA6 /* [CP] Embed Pods Frameworks */,
			);
			buildRules = (
			);
			dependencies = (
			);
			name = Parstagram;
			productName = Parstagram;
			productReference = C0FACBF72242858D008DF15E /* Parstagram.app */;
			productType = "com.apple.product-type.application";
		};
		C0FACC0A22428595008DF15E /* ParstagramTests */ = {
			isa = PBXNativeTarget;
			buildConfigurationList = C0FACC2222428595008DF15E /* Build configuration list for PBXNativeTarget "ParstagramTests" */;
			buildPhases = (
				6631448C5EE2326E779B0C0C /* [CP] Check Pods Manifest.lock */,
				C0FACC0722428595008DF15E /* Sources */,
				C0FACC0822428595008DF15E /* Frameworks */,
				C0FACC0922428595008DF15E /* Resources */,
			);
			buildRules = (
			);
			dependencies = (
				C0FACC0D22428595008DF15E /* PBXTargetDependency */,
			);
			name = ParstagramTests;
			productName = ParstagramTests;
			productReference = C0FACC0B22428595008DF15E /* ParstagramTests.xctest */;
			productType = "com.apple.product-type.bundle.unit-test";
		};
		C0FACC1522428595008DF15E /* ParstagramUITests */ = {
			isa = PBXNativeTarget;
			buildConfigurationList = C0FACC2522428595008DF15E /* Build configuration list for PBXNativeTarget "ParstagramUITests" */;
			buildPhases = (
				DA38F20D0F6173BA11030A71 /* [CP] Check Pods Manifest.lock */,
				C0FACC1222428595008DF15E /* Sources */,
				C0FACC1322428595008DF15E /* Frameworks */,
				C0FACC1422428595008DF15E /* Resources */,
			);
			buildRules = (
			);
			dependencies = (
				C0FACC1822428595008DF15E /* PBXTargetDependency */,
			);
			name = ParstagramUITests;
			productName = ParstagramUITests;
			productReference = C0FACC1622428595008DF15E /* ParstagramUITests.xctest */;
			productType = "com.apple.product-type.bundle.ui-testing";
		};
/* End PBXNativeTarget section */

/* Begin PBXProject section */
		C0FACBEF2242858D008DF15E /* Project object */ = {
			isa = PBXProject;
			attributes = {
				LastSwiftUpdateCheck = 1010;
				LastUpgradeCheck = 1010;
				ORGANIZATIONNAME = "Ruchi Vaidya";
				TargetAttributes = {
					C0FACBF62242858D008DF15E = {
						CreatedOnToolsVersion = 10.1;
					};
					C0FACC0A22428595008DF15E = {
						CreatedOnToolsVersion = 10.1;
						TestTargetID = C0FACBF62242858D008DF15E;
					};
					C0FACC1522428595008DF15E = {
						CreatedOnToolsVersion = 10.1;
						TestTargetID = C0FACBF62242858D008DF15E;
					};
				};
			};
			buildConfigurationList = C0FACBF22242858D008DF15E /* Build configuration list for PBXProject "Parstagram" */;
			compatibilityVersion = "Xcode 9.3";
			developmentRegion = en;
			hasScannedForEncodings = 0;
			knownRegions = (
				en,
				Base,
			);
			mainGroup = C0FACBEE2242858D008DF15E;
			productRefGroup = C0FACBF82242858D008DF15E /* Products */;
			projectDirPath = "";
			projectRoot = "";
			targets = (
				C0FACBF62242858D008DF15E /* Parstagram */,
				C0FACC0A22428595008DF15E /* ParstagramTests */,
				C0FACC1522428595008DF15E /* ParstagramUITests */,
			);
		};
/* End PBXProject section */

/* Begin PBXResourcesBuildPhase section */
		C0FACBF52242858D008DF15E /* Resources */ = {
			isa = PBXResourcesBuildPhase;
			buildActionMask = 2147483647;
			files = (
				C0FACC0522428594008DF15E /* LaunchScreen.storyboard in Resources */,
				C0FACC0222428594008DF15E /* Assets.xcassets in Resources */,
				C0FACC002242858D008DF15E /* Main.storyboard in Resources */,
			);
			runOnlyForDeploymentPostprocessing = 0;
		};
		C0FACC0922428595008DF15E /* Resources */ = {
			isa = PBXResourcesBuildPhase;
			buildActionMask = 2147483647;
			files = (
			);
			runOnlyForDeploymentPostprocessing = 0;
		};
		C0FACC1422428595008DF15E /* Resources */ = {
			isa = PBXResourcesBuildPhase;
			buildActionMask = 2147483647;
			files = (
			);
			runOnlyForDeploymentPostprocessing = 0;
		};
/* End PBXResourcesBuildPhase section */

/* Begin PBXShellScriptBuildPhase section */
		4E2060A4F586E94D7658B5A3 /* [CP] Check Pods Manifest.lock */ = {
			isa = PBXShellScriptBuildPhase;
			buildActionMask = 2147483647;
			files = (
			);
			inputFileListPaths = (
			);
			inputPaths = (
				"${PODS_PODFILE_DIR_PATH}/Podfile.lock",
				"${PODS_ROOT}/Manifest.lock",
			);
			name = "[CP] Check Pods Manifest.lock";
			outputFileListPaths = (
			);
			outputPaths = (
				"$(DERIVED_FILE_DIR)/Pods-Parstagram-checkManifestLockResult.txt",
			);
			runOnlyForDeploymentPostprocessing = 0;
			shellPath = /bin/sh;
			shellScript = "diff \"${PODS_PODFILE_DIR_PATH}/Podfile.lock\" \"${PODS_ROOT}/Manifest.lock\" > /dev/null\nif [ $? != 0 ] ; then\n    # print error to STDERR\n    echo \"error: The sandbox is not in sync with the Podfile.lock. Run 'pod install' or update your CocoaPods installation.\" >&2\n    exit 1\nfi\n# This output is used by Xcode 'outputs' to avoid re-running this script phase.\necho \"SUCCESS\" > \"${SCRIPT_OUTPUT_FILE_0}\"\n";
			showEnvVarsInLog = 0;
		};
		5004C99FF33BAEB544D1CBA6 /* [CP] Embed Pods Frameworks */ = {
			isa = PBXShellScriptBuildPhase;
			buildActionMask = 2147483647;
			files = (
			);
			inputFileListPaths = (
			);
			inputPaths = (
				"${PODS_ROOT}/Target Support Files/Pods-Parstagram/Pods-Parstagram-frameworks.sh",
				"${BUILT_PRODUCTS_DIR}/Alamofire/Alamofire.framework",
				"${BUILT_PRODUCTS_DIR}/AlamofireImage/AlamofireImage.framework",
				"${BUILT_PRODUCTS_DIR}/Bolts/Bolts.framework",
				"${BUILT_PRODUCTS_DIR}/Parse/Parse.framework",
			);
			name = "[CP] Embed Pods Frameworks";
			outputFileListPaths = (
			);
			outputPaths = (
				"${TARGET_BUILD_DIR}/${FRAMEWORKS_FOLDER_PATH}/Alamofire.framework",
				"${TARGET_BUILD_DIR}/${FRAMEWORKS_FOLDER_PATH}/AlamofireImage.framework",
				"${TARGET_BUILD_DIR}/${FRAMEWORKS_FOLDER_PATH}/Bolts.framework",
				"${TARGET_BUILD_DIR}/${FRAMEWORKS_FOLDER_PATH}/Parse.framework",
			);
			runOnlyForDeploymentPostprocessing = 0;
			shellPath = /bin/sh;
			shellScript = "\"${PODS_ROOT}/Target Support Files/Pods-Parstagram/Pods-Parstagram-frameworks.sh\"\n";
			showEnvVarsInLog = 0;
		};
		6631448C5EE2326E779B0C0C /* [CP] Check Pods Manifest.lock */ = {
			isa = PBXShellScriptBuildPhase;
			buildActionMask = 2147483647;
			files = (
			);
			inputFileListPaths = (
			);
			inputPaths = (
				"${PODS_PODFILE_DIR_PATH}/Podfile.lock",
				"${PODS_ROOT}/Manifest.lock",
			);
			name = "[CP] Check Pods Manifest.lock";
			outputFileListPaths = (
			);
			outputPaths = (
				"$(DERIVED_FILE_DIR)/Pods-ParstagramTests-checkManifestLockResult.txt",
			);
			runOnlyForDeploymentPostprocessing = 0;
			shellPath = /bin/sh;
			shellScript = "diff \"${PODS_PODFILE_DIR_PATH}/Podfile.lock\" \"${PODS_ROOT}/Manifest.lock\" > /dev/null\nif [ $? != 0 ] ; then\n    # print error to STDERR\n    echo \"error: The sandbox is not in sync with the Podfile.lock. Run 'pod install' or update your CocoaPods installation.\" >&2\n    exit 1\nfi\n# This output is used by Xcode 'outputs' to avoid re-running this script phase.\necho \"SUCCESS\" > \"${SCRIPT_OUTPUT_FILE_0}\"\n";
			showEnvVarsInLog = 0;
		};
		DA38F20D0F6173BA11030A71 /* [CP] Check Pods Manifest.lock */ = {
			isa = PBXShellScriptBuildPhase;
			buildActionMask = 2147483647;
			files = (
			);
			inputFileListPaths = (
			);
			inputPaths = (
				"${PODS_PODFILE_DIR_PATH}/Podfile.lock",
				"${PODS_ROOT}/Manifest.lock",
			);
			name = "[CP] Check Pods Manifest.lock";
			outputFileListPaths = (
			);
			outputPaths = (
				"$(DERIVED_FILE_DIR)/Pods-ParstagramUITests-checkManifestLockResult.txt",
			);
			runOnlyForDeploymentPostprocessing = 0;
			shellPath = /bin/sh;
			shellScript = "diff \"${PODS_PODFILE_DIR_PATH}/Podfile.lock\" \"${PODS_ROOT}/Manifest.lock\" > /dev/null\nif [ $? != 0 ] ; then\n    # print error to STDERR\n    echo \"error: The sandbox is not in sync with the Podfile.lock. Run 'pod install' or update your CocoaPods installation.\" >&2\n    exit 1\nfi\n# This output is used by Xcode 'outputs' to avoid re-running this script phase.\necho \"SUCCESS\" > \"${SCRIPT_OUTPUT_FILE_0}\"\n";
			showEnvVarsInLog = 0;
		};
/* End PBXShellScriptBuildPhase section */

/* Begin PBXSourcesBuildPhase section */
		C0FACBF32242858D008DF15E /* Sources */ = {
			isa = PBXSourcesBuildPhase;
			buildActionMask = 2147483647;
			files = (
				C0531FB822428A5900E09D07 /* LoginViewController.swift in Sources */,
				C022B897224297FE00405A2E /* CameraViewController.swift in Sources */,
				C0531FBA22428A7200E09D07 /* FeedViewController.swift in Sources */,
				C0FACBFB2242858D008DF15E /* AppDelegate.swift in Sources */,
				C022B8992242A72D00405A2E /* PostCell.swift in Sources */,
			);
			runOnlyForDeploymentPostprocessing = 0;
		};
		C0FACC0722428595008DF15E /* Sources */ = {
			isa = PBXSourcesBuildPhase;
			buildActionMask = 2147483647;
			files = (
				C0FACC1022428595008DF15E /* ParstagramTests.swift in Sources */,
			);
			runOnlyForDeploymentPostprocessing = 0;
		};
		C0FACC1222428595008DF15E /* Sources */ = {
			isa = PBXSourcesBuildPhase;
			buildActionMask = 2147483647;
			files = (
				C0FACC1B22428595008DF15E /* ParstagramUITests.swift in Sources */,
			);
			runOnlyForDeploymentPostprocessing = 0;
		};
/* End PBXSourcesBuildPhase section */

/* Begin PBXTargetDependency section */
		C0FACC0D22428595008DF15E /* PBXTargetDependency */ = {
			isa = PBXTargetDependency;
			target = C0FACBF62242858D008DF15E /* Parstagram */;
			targetProxy = C0FACC0C22428595008DF15E /* PBXContainerItemProxy */;
		};
		C0FACC1822428595008DF15E /* PBXTargetDependency */ = {
			isa = PBXTargetDependency;
			target = C0FACBF62242858D008DF15E /* Parstagram */;
			targetProxy = C0FACC1722428595008DF15E /* PBXContainerItemProxy */;
		};
/* End PBXTargetDependency section */

/* Begin PBXVariantGroup section */
		C0FACBFE2242858D008DF15E /* Main.storyboard */ = {
			isa = PBXVariantGroup;
			children = (
				C0FACBFF2242858D008DF15E /* Base */,
			);
			name = Main.storyboard;
			sourceTree = "<group>";
		};
		C0FACC0322428594008DF15E /* LaunchScreen.storyboard */ = {
			isa = PBXVariantGroup;
			children = (
				C0FACC0422428594008DF15E /* Base */,
			);
			name = LaunchScreen.storyboard;
			sourceTree = "<group>";
		};
/* End PBXVariantGroup section */

/* Begin XCBuildConfiguration section */
		C0FACC1D22428595008DF15E /* Debug */ = {
			isa = XCBuildConfiguration;
			buildSettings = {
				ALWAYS_SEARCH_USER_PATHS = NO;
				CLANG_ANALYZER_NONNULL = YES;
				CLANG_ANALYZER_NUMBER_OBJECT_CONVERSION = YES_AGGRESSIVE;
				CLANG_CXX_LANGUAGE_STANDARD = "gnu++14";
				CLANG_CXX_LIBRARY = "libc++";
				CLANG_ENABLE_MODULES = YES;
				CLANG_ENABLE_OBJC_ARC = YES;
				CLANG_ENABLE_OBJC_WEAK = YES;
				CLANG_WARN_BLOCK_CAPTURE_AUTORELEASING = YES;
				CLANG_WARN_BOOL_CONVERSION = YES;
				CLANG_WARN_COMMA = YES;
				CLANG_WARN_CONSTANT_CONVERSION = YES;
				CLANG_WARN_DEPRECATED_OBJC_IMPLEMENTATIONS = YES;
				CLANG_WARN_DIRECT_OBJC_ISA_USAGE = YES_ERROR;
				CLANG_WARN_DOCUMENTATION_COMMENTS = YES;
				CLANG_WARN_EMPTY_BODY = YES;
				CLANG_WARN_ENUM_CONVERSION = YES;
				CLANG_WARN_INFINITE_RECURSION = YES;
				CLANG_WARN_INT_CONVERSION = YES;
				CLANG_WARN_NON_LITERAL_NULL_CONVERSION = YES;
				CLANG_WARN_OBJC_IMPLICIT_RETAIN_SELF = YES;
				CLANG_WARN_OBJC_LITERAL_CONVERSION = YES;
				CLANG_WARN_OBJC_ROOT_CLASS = YES_ERROR;
				CLANG_WARN_RANGE_LOOP_ANALYSIS = YES;
				CLANG_WARN_STRICT_PROTOTYPES = YES;
				CLANG_WARN_SUSPICIOUS_MOVE = YES;
				CLANG_WARN_UNGUARDED_AVAILABILITY = YES_AGGRESSIVE;
				CLANG_WARN_UNREACHABLE_CODE = YES;
				CLANG_WARN__DUPLICATE_METHOD_MATCH = YES;
				CODE_SIGN_IDENTITY = "iPhone Developer";
				COPY_PHASE_STRIP = NO;
				DEBUG_INFORMATION_FORMAT = dwarf;
				ENABLE_STRICT_OBJC_MSGSEND = YES;
				ENABLE_TESTABILITY = YES;
				GCC_C_LANGUAGE_STANDARD = gnu11;
				GCC_DYNAMIC_NO_PIC = NO;
				GCC_NO_COMMON_BLOCKS = YES;
				GCC_OPTIMIZATION_LEVEL = 0;
				GCC_PREPROCESSOR_DEFINITIONS = (
					"DEBUG=1",
					"$(inherited)",
				);
				GCC_WARN_64_TO_32_BIT_CONVERSION = YES;
				GCC_WARN_ABOUT_RETURN_TYPE = YES_ERROR;
				GCC_WARN_UNDECLARED_SELECTOR = YES;
				GCC_WARN_UNINITIALIZED_AUTOS = YES_AGGRESSIVE;
				GCC_WARN_UNUSED_FUNCTION = YES;
				GCC_WARN_UNUSED_VARIABLE = YES;
				IPHONEOS_DEPLOYMENT_TARGET = 12.1;
				MTL_ENABLE_DEBUG_INFO = INCLUDE_SOURCE;
				MTL_FAST_MATH = YES;
				ONLY_ACTIVE_ARCH = YES;
				SDKROOT = iphoneos;
				SWIFT_ACTIVE_COMPILATION_CONDITIONS = DEBUG;
				SWIFT_OPTIMIZATION_LEVEL = "-Onone";
			};
			name = Debug;
		};
		C0FACC1E22428595008DF15E /* Release */ = {
			isa = XCBuildConfiguration;
			buildSettings = {
				ALWAYS_SEARCH_USER_PATHS = NO;
				CLANG_ANALYZER_NONNULL = YES;
				CLANG_ANALYZER_NUMBER_OBJECT_CONVERSION = YES_AGGRESSIVE;
				CLANG_CXX_LANGUAGE_STANDARD = "gnu++14";
				CLANG_CXX_LIBRARY = "libc++";
				CLANG_ENABLE_MODULES = YES;
				CLANG_ENABLE_OBJC_ARC = YES;
				CLANG_ENABLE_OBJC_WEAK = YES;
				CLANG_WARN_BLOCK_CAPTURE_AUTORELEASING = YES;
				CLANG_WARN_BOOL_CONVERSION = YES;
				CLANG_WARN_COMMA = YES;
				CLANG_WARN_CONSTANT_CONVERSION = YES;
				CLANG_WARN_DEPRECATED_OBJC_IMPLEMENTATIONS = YES;
				CLANG_WARN_DIRECT_OBJC_ISA_USAGE = YES_ERROR;
				CLANG_WARN_DOCUMENTATION_COMMENTS = YES;
				CLANG_WARN_EMPTY_BODY = YES;
				CLANG_WARN_ENUM_CONVERSION = YES;
				CLANG_WARN_INFINITE_RECURSION = YES;
				CLANG_WARN_INT_CONVERSION = YES;
				CLANG_WARN_NON_LITERAL_NULL_CONVERSION = YES;
				CLANG_WARN_OBJC_IMPLICIT_RETAIN_SELF = YES;
				CLANG_WARN_OBJC_LITERAL_CONVERSION = YES;
				CLANG_WARN_OBJC_ROOT_CLASS = YES_ERROR;
				CLANG_WARN_RANGE_LOOP_ANALYSIS = YES;
				CLANG_WARN_STRICT_PROTOTYPES = YES;
				CLANG_WARN_SUSPICIOUS_MOVE = YES;
				CLANG_WARN_UNGUARDED_AVAILABILITY = YES_AGGRESSIVE;
				CLANG_WARN_UNREACHABLE_CODE = YES;
				CLANG_WARN__DUPLICATE_METHOD_MATCH = YES;
				CODE_SIGN_IDENTITY = "iPhone Developer";
				COPY_PHASE_STRIP = NO;
				DEBUG_INFORMATION_FORMAT = "dwarf-with-dsym";
				ENABLE_NS_ASSERTIONS = NO;
				ENABLE_STRICT_OBJC_MSGSEND = YES;
				GCC_C_LANGUAGE_STANDARD = gnu11;
				GCC_NO_COMMON_BLOCKS = YES;
				GCC_WARN_64_TO_32_BIT_CONVERSION = YES;
				GCC_WARN_ABOUT_RETURN_TYPE = YES_ERROR;
				GCC_WARN_UNDECLARED_SELECTOR = YES;
				GCC_WARN_UNINITIALIZED_AUTOS = YES_AGGRESSIVE;
				GCC_WARN_UNUSED_FUNCTION = YES;
				GCC_WARN_UNUSED_VARIABLE = YES;
				IPHONEOS_DEPLOYMENT_TARGET = 12.1;
				MTL_ENABLE_DEBUG_INFO = NO;
				MTL_FAST_MATH = YES;
				SDKROOT = iphoneos;
				SWIFT_COMPILATION_MODE = wholemodule;
				SWIFT_OPTIMIZATION_LEVEL = "-O";
				VALIDATE_PRODUCT = YES;
			};
			name = Release;
		};
		C0FACC2022428595008DF15E /* Debug */ = {
			isa = XCBuildConfiguration;
			baseConfigurationReference = D1C98E56DD3D6A4E1CBDE62C /* Pods-Parstagram.debug.xcconfig */;
			buildSettings = {
				ASSETCATALOG_COMPILER_APPICON_NAME = AppIcon;
				CODE_SIGN_STYLE = Automatic;
				DEVELOPMENT_TEAM = 6B92RJ5G47;
				INFOPLIST_FILE = Parstagram/Info.plist;
				LD_RUNPATH_SEARCH_PATHS = (
					"$(inherited)",
					"@executable_path/Frameworks",
				);
				PRODUCT_BUNDLE_IDENTIFIER = RV.Parstagram;
				PRODUCT_NAME = "$(TARGET_NAME)";
				SWIFT_VERSION = 4.2;
				TARGETED_DEVICE_FAMILY = "1,2";
			};
			name = Debug;
		};
		C0FACC2122428595008DF15E /* Release */ = {
			isa = XCBuildConfiguration;
			baseConfigurationReference = A306301D13E5BAE3143E7BC2 /* Pods-Parstagram.release.xcconfig */;
			buildSettings = {
				ASSETCATALOG_COMPILER_APPICON_NAME = AppIcon;
				CODE_SIGN_STYLE = Automatic;
				DEVELOPMENT_TEAM = 6B92RJ5G47;
				INFOPLIST_FILE = Parstagram/Info.plist;
				LD_RUNPATH_SEARCH_PATHS = (
					"$(inherited)",
					"@executable_path/Frameworks",
				);
				PRODUCT_BUNDLE_IDENTIFIER = RV.Parstagram;
				PRODUCT_NAME = "$(TARGET_NAME)";
				SWIFT_VERSION = 4.2;
				TARGETED_DEVICE_FAMILY = "1,2";
			};
			name = Release;
		};
		C0FACC2322428595008DF15E /* Debug */ = {
			isa = XCBuildConfiguration;
			baseConfigurationReference = 85222BD66D0383601C67483B /* Pods-ParstagramTests.debug.xcconfig */;
			buildSettings = {
				ALWAYS_EMBED_SWIFT_STANDARD_LIBRARIES = YES;
				BUNDLE_LOADER = "$(TEST_HOST)";
				CODE_SIGN_STYLE = Automatic;
				DEVELOPMENT_TEAM = 6B92RJ5G47;
				INFOPLIST_FILE = ParstagramTests/Info.plist;
				LD_RUNPATH_SEARCH_PATHS = (
					"$(inherited)",
					"@executable_path/Frameworks",
					"@loader_path/Frameworks",
				);
				PRODUCT_BUNDLE_IDENTIFIER = RV.ParstagramTests;
				PRODUCT_NAME = "$(TARGET_NAME)";
				SWIFT_VERSION = 4.2;
				TARGETED_DEVICE_FAMILY = "1,2";
				TEST_HOST = "$(BUILT_PRODUCTS_DIR)/Parstagram.app/Parstagram";
			};
			name = Debug;
		};
		C0FACC2422428595008DF15E /* Release */ = {
			isa = XCBuildConfiguration;
			baseConfigurationReference = D3CA92DBB6C1EDE88C49F470 /* Pods-ParstagramTests.release.xcconfig */;
			buildSettings = {
				ALWAYS_EMBED_SWIFT_STANDARD_LIBRARIES = YES;
				BUNDLE_LOADER = "$(TEST_HOST)";
				CODE_SIGN_STYLE = Automatic;
				DEVELOPMENT_TEAM = 6B92RJ5G47;
				INFOPLIST_FILE = ParstagramTests/Info.plist;
				LD_RUNPATH_SEARCH_PATHS = (
					"$(inherited)",
					"@executable_path/Frameworks",
					"@loader_path/Frameworks",
				);
				PRODUCT_BUNDLE_IDENTIFIER = RV.ParstagramTests;
				PRODUCT_NAME = "$(TARGET_NAME)";
				SWIFT_VERSION = 4.2;
				TARGETED_DEVICE_FAMILY = "1,2";
				TEST_HOST = "$(BUILT_PRODUCTS_DIR)/Parstagram.app/Parstagram";
			};
			name = Release;
		};
		C0FACC2622428595008DF15E /* Debug */ = {
			isa = XCBuildConfiguration;
			baseConfigurationReference = E403FBF56EB367D908D36288 /* Pods-ParstagramUITests.debug.xcconfig */;
			buildSettings = {
				ALWAYS_EMBED_SWIFT_STANDARD_LIBRARIES = YES;
				CODE_SIGN_STYLE = Automatic;
				DEVELOPMENT_TEAM = 6B92RJ5G47;
				INFOPLIST_FILE = ParstagramUITests/Info.plist;
				LD_RUNPATH_SEARCH_PATHS = (
					"$(inherited)",
					"@executable_path/Frameworks",
					"@loader_path/Frameworks",
				);
				PRODUCT_BUNDLE_IDENTIFIER = RV.ParstagramUITests;
				PRODUCT_NAME = "$(TARGET_NAME)";
				SWIFT_VERSION = 4.2;
				TARGETED_DEVICE_FAMILY = "1,2";
				TEST_TARGET_NAME = Parstagram;
			};
			name = Debug;
		};
		C0FACC2722428595008DF15E /* Release */ = {
			isa = XCBuildConfiguration;
			baseConfigurationReference = E5558DF80C3F08C4E08E8CEB /* Pods-ParstagramUITests.release.xcconfig */;
			buildSettings = {
				ALWAYS_EMBED_SWIFT_STANDARD_LIBRARIES = YES;
				CODE_SIGN_STYLE = Automatic;
				DEVELOPMENT_TEAM = 6B92RJ5G47;
				INFOPLIST_FILE = ParstagramUITests/Info.plist;
				LD_RUNPATH_SEARCH_PATHS = (
					"$(inherited)",
					"@executable_path/Frameworks",
					"@loader_path/Frameworks",
				);
				PRODUCT_BUNDLE_IDENTIFIER = RV.ParstagramUITests;
				PRODUCT_NAME = "$(TARGET_NAME)";
				SWIFT_VERSION = 4.2;
				TARGETED_DEVICE_FAMILY = "1,2";
				TEST_TARGET_NAME = Parstagram;
			};
			name = Release;
		};
/* End XCBuildConfiguration section */

/* Begin XCConfigurationList section */
		C0FACBF22242858D008DF15E /* Build configuration list for PBXProject "Parstagram" */ = {
			isa = XCConfigurationList;
			buildConfigurations = (
				C0FACC1D22428595008DF15E /* Debug */,
				C0FACC1E22428595008DF15E /* Release */,
			);
			defaultConfigurationIsVisible = 0;
			defaultConfigurationName = Release;
		};
		C0FACC1F22428595008DF15E /* Build configuration list for PBXNativeTarget "Parstagram" */ = {
			isa = XCConfigurationList;
			buildConfigurations = (
				C0FACC2022428595008DF15E /* Debug */,
				C0FACC2122428595008DF15E /* Release */,
			);
			defaultConfigurationIsVisible = 0;
			defaultConfigurationName = Release;
		};
		C0FACC2222428595008DF15E /* Build configuration list for PBXNativeTarget "ParstagramTests" */ = {
			isa = XCConfigurationList;
			buildConfigurations = (
				C0FACC2322428595008DF15E /* Debug */,
				C0FACC2422428595008DF15E /* Release */,
			);
			defaultConfigurationIsVisible = 0;
			defaultConfigurationName = Release;
		};
		C0FACC2522428595008DF15E /* Build configuration list for PBXNativeTarget "ParstagramUITests" */ = {
			isa = XCConfigurationList;
			buildConfigurations = (
				C0FACC2622428595008DF15E /* Debug */,
				C0FACC2722428595008DF15E /* Release */,
			);
			defaultConfigurationIsVisible = 0;
			defaultConfigurationName = Release;
		};
/* End XCConfigurationList section */
	};
	rootObject = C0FACBEF2242858D008DF15E /* Project object */;
}
